
Microsoft Visual Studio Solution File, Format Version 12.00
# Visual Studio Version 16
VisualStudioVersion = 16.0.30320.27
MinimumVisualStudioVersion = 10.0.40219.1
Project("{9A19103F-16F7-4668-BE54-9A1E7A4F7556}") = "Server", "Server.csproj", "{27EA2E9A-E82C-43CB-8E8B-327C6CA41649}"
EndProject
Project("{9A19103F-16F7-4668-BE54-9A1E7A4F7556}") = "Pullenti.Core", "..\PullentiCSharp\Pullenti\Pullenti.Core.csproj", "{27FE9DD4-C665-4216-B852-BE704BF7CC86}"
EndProject
Global
	GlobalSection(SolutionConfigurationPlatforms) = preSolution
		Debug|Any CPU = Debug|Any CPU
		Release|Any CPU = Release|Any CPU
	EndGlobalSection
	GlobalSection(ProjectConfigurationPlatforms) = postSolution
		{27EA2E9A-E82C-43CB-8E8B-327C6CA41649}.Debug|Any CPU.ActiveCfg = Debug|Any CPU
		{27EA2E9A-E82C-43CB-8E8B-327C6CA41649}.Debug|Any CPU.Build.0 = Debug|Any CPU
		{27EA2E9A-E82C-43CB-8E8B-327C6CA41649}.Release|Any CPU.ActiveCfg = Release|Any CPU
		{27EA2E9A-E82C-43CB-8E8B-327C6CA41649}.Release|Any CPU.Build.0 = Release|Any CPU
		{27FE9DD4-C665-4216-B852-BE704BF7CC86}.Debug|Any CPU.ActiveCfg = Debug|Any CPU
		{27FE9DD4-C665-4216-B852-BE704BF7CC86}.Debug|Any CPU.Build.0 = Debug|Any CPU
		{27FE9DD4-C665-4216-B852-BE704BF7CC86}.Release|Any CPU.ActiveCfg = Release|Any CPU
		{27FE9DD4-C665-4216-B852-BE704BF7CC86}.Release|Any CPU.Build.0 = Release|Any CPU
	EndGlobalSection
	GlobalSection(SolutionProperties) = preSolution
		HideSolutionNode = FALSE
	EndGlobalSection
	GlobalSection(ExtensibilityGlobals) = postSolution
		SolutionGuid = {20F261AA-9B0B-4F53-BA46-3678C320B86B}
	EndGlobalSection
EndGlobal
